
Microsoft Visual Studio Solution File, Format Version 12.00
# Visual Studio 15
VisualStudioVersion = 15.0.28010.2050
MinimumVisualStudioVersion = 10.0.40219.1
Project("{FAE04EC0-301F-11D3-BF4B-00C04F79EFBC}") = "BusInfo", "BusInfo\BusInfo.csproj", "{DEF6C254-4BF6-42D7-87B6-1AB395668B14}"
EndProject
Global
	GlobalSection(SolutionConfigurationPlatforms) = preSolution
		Debug|Any CPU = Debug|Any CPU
		Release|Any CPU = Release|Any CPU
	EndGlobalSection
	GlobalSection(ProjectConfigurationPlatforms) = postSolution
		{DEF6C254-4BF6-42D7-87B6-1AB395668B14}.Debug|Any CPU.ActiveCfg = Debug|Any CPU
		{DEF6C254-4BF6-42D7-87B6-1AB395668B14}.Debug|Any CPU.Build.0 = Debug|Any CPU
		{DEF6C254-4BF6-42D7-87B6-1AB395668B14}.Release|Any CPU.ActiveCfg = Release|Any CPU
		{DEF6C254-4BF6-42D7-87B6-1AB395668B14}.Release|Any CPU.Build.0 = Release|Any CPU
	EndGlobalSection
	GlobalSection(SolutionProperties) = preSolution
		HideSolutionNode = FALSE
	EndGlobalSection
	GlobalSection(ExtensibilityGlobals) = postSolution
		SolutionGuid = {B1A38881-9C7D-48A4-956E-F22AD5FF6939}
	EndGlobalSection
EndGlobal
